{
  "name": "rolecraft",
  "version": "1.0.0",
  "lockfileVersion": 3,
  "requires": true,
  "packages": {
    "": {
      "name": "rolecraft",
      "version": "1.0.0",
      "license": "MIT",
      "bin": {
        "rolecraft": "bin/rolecraft.js"
      },
      "engines": {
        "node": ">=20"
      }
    }
  }
}
